
Microsoft Visual Studio Solution File, Format Version 12.00
# Visual Studio 15
VisualStudioVersion = 15.0.28307.1259
MinimumVisualStudioVersion = 10.0.40219.1
Project("{FAE04EC0-301F-11D3-BF4B-00C04F79EFBC}") = "paiza_snake", "paiza_snake\paiza_snake.csproj", "{5CE5E531-2B09-45FB-B3BB-DA3108E2DC81}"
EndProject
Global
	GlobalSection(SolutionConfigurationPlatforms) = preSolution
		Debug|Any CPU = Debug|Any CPU
		Release|Any CPU = Release|Any CPU
	EndGlobalSection
	GlobalSection(ProjectConfigurationPlatforms) = postSolution
		{5CE5E531-2B09-45FB-B3BB-DA3108E2DC81}.Debug|Any CPU.ActiveCfg = Debug|Any CPU
		{5CE5E531-2B09-45FB-B3BB-DA3108E2DC81}.Debug|Any CPU.Build.0 = Debug|Any CPU
		{5CE5E531-2B09-45FB-B3BB-DA3108E2DC81}.Release|Any CPU.ActiveCfg = Release|Any CPU
		{5CE5E531-2B09-45FB-B3BB-DA3108E2DC81}.Release|Any CPU.Build.0 = Release|Any CPU
	EndGlobalSection
	GlobalSection(SolutionProperties) = preSolution
		HideSolutionNode = FALSE
	EndGlobalSection
	GlobalSection(ExtensibilityGlobals) = postSolution
		SolutionGuid = {7DD4D627-798D-4819-B4FB-1C36C28260DC}
	EndGlobalSection
EndGlobal
